
Microsoft Visual Studio Solution File, Format Version 12.00
# Visual Studio Version 17
VisualStudioVersion = 17.9.34728.123
MinimumVisualStudioVersion = 10.0.40219.1
Project("{9A19103F-16F7-4668-BE54-9A1E7A4F7556}") = "AIS Cinema", "AIS Cinema\AIS Cinema.csproj", "{F9AA5936-F1F1-47F5-9064-FA347F87CCCB}"
EndProject
Project("{9A19103F-16F7-4668-BE54-9A1E7A4F7556}") = "Telegram Bot", "Telegram Bot\Telegram Bot.csproj", "{A2109689-A1BA-4CC9-8ED3-61B078983BE0}"
EndProject
Global
	GlobalSection(SolutionConfigurationPlatforms) = preSolution
		Debug|Any CPU = Debug|Any CPU
		Release|Any CPU = Release|Any CPU
	EndGlobalSection
	GlobalSection(ProjectConfigurationPlatforms) = postSolution
		{F9AA5936-F1F1-47F5-9064-FA347F87CCCB}.Debug|Any CPU.ActiveCfg = Debug|Any CPU
		{F9AA5936-F1F1-47F5-9064-FA347F87CCCB}.Debug|Any CPU.Build.0 = Debug|Any CPU
		{F9AA5936-F1F1-47F5-9064-FA347F87CCCB}.Release|Any CPU.ActiveCfg = Release|Any CPU
		{F9AA5936-F1F1-47F5-9064-FA347F87CCCB}.Release|Any CPU.Build.0 = Release|Any CPU
		{A2109689-A1BA-4CC9-8ED3-61B078983BE0}.Debug|Any CPU.ActiveCfg = Debug|Any CPU
		{A2109689-A1BA-4CC9-8ED3-61B078983BE0}.Debug|Any CPU.Build.0 = Debug|Any CPU
		{A2109689-A1BA-4CC9-8ED3-61B078983BE0}.Release|Any CPU.ActiveCfg = Release|Any CPU
		{A2109689-A1BA-4CC9-8ED3-61B078983BE0}.Release|Any CPU.Build.0 = Release|Any CPU
	EndGlobalSection
	GlobalSection(SolutionProperties) = preSolution
		HideSolutionNode = FALSE
	EndGlobalSection
	GlobalSection(ExtensibilityGlobals) = postSolution
		SolutionGuid = {452FC3E8-AE67-4164-A752-B013C96C9F8A}
	EndGlobalSection
EndGlobal
